// !$*UTF8*$!
{
	archiveVersion = 1;
	classes = {
	};
	objectVersion = 77;
	objects = {

/* Begin PBXContainerItemProxy section */
		F1A000000000000000000303 /* PBXContainerItemProxy */ = {
			isa = PBXContainerItemProxy;
			containerPortal = F1A000000000000000000001 /* Project object */;
			proxyType = 1;
			remoteGlobalIDString = F1A000000000000000000100;
			remoteInfo = Fileporter;
		};
		F1A000000000000000000301 /* PBXContainerItemProxy */ = {
			isa = PBXContainerItemProxy;
			containerPortal = F1A000000000000000000001 /* Project object */;
			proxyType = 1;
			remoteGlobalIDString = F1A000000000000000000100;
			remoteInfo = Fileporter;
		};
/* End PBXContainerItemProxy section */

/* Begin PBXFileReference section */
		F1A000000000000000000012 /* FileporterUITests.xctest */ = {isa = PBXFileReference; explicitFileType = wrapper.cfbundle; includeInIndex = 0; path = FileporterUITests.xctest; sourceTree = BUILT_PRODUCTS_DIR; };
		F1A000000000000000000010 /* Fileporter.app */ = {isa = PBXFileReference; explicitFileType = wrapper.application; includeInIndex = 0; path = Fileporter.app; sourceTree = BUILT_PRODUCTS_DIR; };
		F1A000000000000000000011 /* FileporterTests.xctest */ = {isa = PBXFileReference; explicitFileType = wrapper.cfbundle; includeInIndex = 0; path = FileporterTests.xctest; sourceTree = BUILT_PRODUCTS_DIR; };
/* End PBXFileReference section */

/* Begin PBXFileSystemSynchronizedRootGroup section */
		F1A000000000000000000022 /* FileporterUITests */ = {
			isa = PBXFileSystemSynchronizedRootGroup;
			path = FileporterUITests;
			sourceTree = "<group>";
		};
		F1A000000000000000000020 /* Fileporter */ = {
			isa = PBXFileSystemSynchronizedRootGroup;
			path = Fileporter;
			sourceTree = "<group>";
		};
		F1A000000000000000000021 /* FileporterTests */ = {
			isa = PBXFileSystemSynchronizedRootGroup;
			path = FileporterTests;
			sourceTree = "<group>";
		};
/* End PBXFileSystemSynchronizedRootGroup section */

/* Begin PBXFrameworksBuildPhase section */
		F1A000000000000000000710 /* Frameworks */ = {
			isa = PBXFrameworksBuildPhase;
			buildActionMask = 2147483647;
			files = (
			);
			runOnlyForDeploymentPostprocessing = 0;
		};
		F1A000000000000000000110 /* Frameworks */ = {
			isa = PBXFrameworksBuildPhase;
			buildActionMask = 2147483647;
			files = (
			);
			runOnlyForDeploymentPostprocessing = 0;
		};
		F1A000000000000000000210 /* Frameworks */ = {
			isa = PBXFrameworksBuildPhase;
			buildActionMask = 2147483647;
			files = (
			);
			runOnlyForDeploymentPostprocessing = 0;
		};
/* End PBXFrameworksBuildPhase section */

/* Begin PBXGroup section */
		F1A000000000000000000002 = {
			isa = PBXGroup;
			children = (
				F1A000000000000000000020 /* Fileporter */,
				F1A000000000000000000021 /* FileporterTests */,
				F1A000000000000000000022 /* FileporterUITests */,
				F1A000000000000000000003 /* Products */,
			);
			sourceTree = "<group>";
		};
		F1A000000000000000000003 /* Products */ = {
			isa = PBXGroup;
			children = (
				F1A000000000000000000010 /* Fileporter.app */,
				F1A000000000000000000011 /* FileporterTests.xctest */,
				F1A000000000000000000012 /* FileporterUITests.xctest */,
			);
			name = Products;
			sourceTree = "<group>";
		};
/* End PBXGroup section */

/* Begin PBXNativeTarget section */
		F1A000000000000000000700 /* FileporterUITests */ = {
			isa = PBXNativeTarget;
			buildConfigurationList = F1A000000000000000000800 /* Build configuration list for PBXNativeTarget "FileporterUITests" */;
			buildPhases = (
				F1A000000000000000000712 /* Sources */,
				F1A000000000000000000710 /* Frameworks */,
				F1A000000000000000000713 /* Resources */,
			);
			buildRules = (
			);
			dependencies = (
				F1A000000000000000000304 /* PBXTargetDependency */,
			);
			fileSystemSynchronizedGroups = (
				F1A000000000000000000022 /* FileporterUITests */,
			);
			name = FileporterUITests;
			packageProductDependencies = (
			);
			productName = FileporterUITests;
			productReference = F1A000000000000000000012 /* FileporterUITests.xctest */;
			productType = "com.apple.product-type.bundle.ui-testing";
		};
		F1A000000000000000000100 /* Fileporter */ = {
			isa = PBXNativeTarget;
			buildConfigurationList = F1A000000000000000000400 /* Build configuration list for PBXNativeTarget "Fileporter" */;
			buildPhases = (
				F1A000000000000000000111 /* Build Rust core */,
				F1A000000000000000000112 /* Sources */,
				F1A000000000000000000110 /* Frameworks */,
				F1A000000000000000000113 /* Resources */,
			);
			buildRules = (
			);
			dependencies = (
			);
			fileSystemSynchronizedGroups = (
				F1A000000000000000000020 /* Fileporter */,
			);
			name = Fileporter;
			packageProductDependencies = (
			);
			productName = Fileporter;
			productReference = F1A000000000000000000010 /* Fileporter.app */;
			productType = "com.apple.product-type.application";
		};
		F1A000000000000000000200 /* FileporterTests */ = {
			isa = PBXNativeTarget;
			buildConfigurationList = F1A000000000000000000500 /* Build configuration list for PBXNativeTarget "FileporterTests" */;
			buildPhases = (
				F1A000000000000000000212 /* Sources */,
				F1A000000000000000000210 /* Frameworks */,
				F1A000000000000000000213 /* Resources */,
			);
			buildRules = (
			);
			dependencies = (
				F1A000000000000000000302 /* PBXTargetDependency */,
			);
			fileSystemSynchronizedGroups = (
				F1A000000000000000000021 /* FileporterTests */,
			);
			name = FileporterTests;
			packageProductDependencies = (
			);
			productName = FileporterTests;
			productReference = F1A000000000000000000011 /* FileporterTests.xctest */;
			productType = "com.apple.product-type.bundle.unit-test";
		};
/* End PBXNativeTarget section */

/* Begin PBXProject section */
		F1A000000000000000000001 /* Project object */ = {
			isa = PBXProject;
			attributes = {
				BuildIndependentTargetsInParallel = 1;
				LastSwiftUpdateCheck = 2600;
				LastUpgradeCheck = 2600;
				TargetAttributes = {
					F1A000000000000000000100 = {
						CreatedOnToolsVersion = 26.0;
					};
					F1A000000000000000000200 = {
						CreatedOnToolsVersion = 26.0;
						TestTargetID = F1A000000000000000000100;
					};
					F1A000000000000000000700 = {
						CreatedOnToolsVersion = 26.0;
						TestTargetID = F1A000000000000000000100;
					};
				};
			};
			buildConfigurationList = F1A000000000000000000600 /* Build configuration list for PBXProject "Fileporter" */;
			developmentRegion = en;
			hasScannedForEncodings = 0;
			knownRegions = (
				en,
				Base,
			);
			mainGroup = F1A000000000000000000002;
			minimizedProjectReferenceProxies = 1;
			preferredProjectObjectVersion = 77;
			productRefGroup = F1A000000000000000000003 /* Products */;
			projectDirPath = "";
			projectRoot = "";
			targets = (
				F1A000000000000000000100 /* Fileporter */,
				F1A000000000000000000200 /* FileporterTests */,
				F1A000000000000000000700 /* FileporterUITests */,
			);
		};
/* End PBXProject section */

/* Begin PBXResourcesBuildPhase section */
		F1A000000000000000000713 /* Resources */ = {
			isa = PBXResourcesBuildPhase;
			buildActionMask = 2147483647;
			files = (
			);
			runOnlyForDeploymentPostprocessing = 0;
		};
		F1A000000000000000000113 /* Resources */ = {
			isa = PBXResourcesBuildPhase;
			buildActionMask = 2147483647;
			files = (
			);
			runOnlyForDeploymentPostprocessing = 0;
		};
		F1A000000000000000000213 /* Resources */ = {
			isa = PBXResourcesBuildPhase;
			buildActionMask = 2147483647;
			files = (
			);
			runOnlyForDeploymentPostprocessing = 0;
		};
/* End PBXResourcesBuildPhase section */

/* Begin PBXShellScriptBuildPhase section */
		F1A000000000000000000111 /* Build Rust core */ = {
			isa = PBXShellScriptBuildPhase;
			alwaysOutOfDate = 1;
			buildActionMask = 2147483647;
			files = (
			);
			inputFileListPaths = (
			);
			inputPaths = (
			);
			name = "Build Rust core";
			outputFileListPaths = (
			);
			outputPaths = (
			);
			runOnlyForDeploymentPostprocessing = 0;
			shellPath = /bin/sh;
			shellScript = "\"$PROJECT_DIR/scripts/build-core.sh\"\n";
			showEnvVarsInLog = 0;
		};
/* End PBXShellScriptBuildPhase section */

/* Begin PBXSourcesBuildPhase section */
		F1A000000000000000000712 /* Sources */ = {
			isa = PBXSourcesBuildPhase;
			buildActionMask = 2147483647;
			files = (
			);
			runOnlyForDeploymentPostprocessing = 0;
		};
		F1A000000000000000000112 /* Sources */ = {
			isa = PBXSourcesBuildPhase;
			buildActionMask = 2147483647;
			files = (
			);
			runOnlyForDeploymentPostprocessing = 0;
		};
		F1A000000000000000000212 /* Sources */ = {
			isa = PBXSourcesBuildPhase;
			buildActionMask = 2147483647;
			files = (
			);
			runOnlyForDeploymentPostprocessing = 0;
		};
/* End PBXSourcesBuildPhase section */

/* Begin PBXTargetDependency section */
		F1A000000000000000000304 /* PBXTargetDependency */ = {
			isa = PBXTargetDependency;
			target = F1A000000000000000000100 /* Fileporter */;
			targetProxy = F1A000000000000000000303 /* PBXContainerItemProxy */;
		};
		F1A000000000000000000302 /* PBXTargetDependency */ = {
			isa = PBXTargetDependency;
			target = F1A000000000000000000100 /* Fileporter */;
			targetProxy = F1A000000000000000000301 /* PBXContainerItemProxy */;
		};
/* End PBXTargetDependency section */

/* Begin XCBuildConfiguration section */
		F1A000000000000000000801 /* Debug */ = {
			isa = XCBuildConfiguration;
			buildSettings = {
				CODE_SIGN_STYLE = Automatic;
				CURRENT_PROJECT_VERSION = 1;
				GENERATE_INFOPLIST_FILE = YES;
				MARKETING_VERSION = 0.1.2;
				PRODUCT_BUNDLE_IDENTIFIER = com.dwmmholdings.fileporter.uitests;
				PRODUCT_NAME = "$(TARGET_NAME)";
				SUPPORTED_PLATFORMS = "iphoneos iphonesimulator";
				SWIFT_VERSION = 6.0;
				TARGETED_DEVICE_FAMILY = "1,2";
				TEST_TARGET_NAME = Fileporter;
			};
			name = Debug;
		};
		F1A000000000000000000802 /* Release */ = {
			isa = XCBuildConfiguration;
			buildSettings = {
				CODE_SIGN_STYLE = Automatic;
				CURRENT_PROJECT_VERSION = 1;
				GENERATE_INFOPLIST_FILE = YES;
				MARKETING_VERSION = 0.1.2;
				PRODUCT_BUNDLE_IDENTIFIER = com.dwmmholdings.fileporter.uitests;
				PRODUCT_NAME = "$(TARGET_NAME)";
				SUPPORTED_PLATFORMS = "iphoneos iphonesimulator";
				SWIFT_VERSION = 6.0;
				TARGETED_DEVICE_FAMILY = "1,2";
				TEST_TARGET_NAME = Fileporter;
			};
			name = Release;
		};
		F1A000000000000000000601 /* Debug */ = {
			isa = XCBuildConfiguration;
			buildSettings = {
				ALWAYS_SEARCH_USER_PATHS = NO;
				ASSETCATALOG_COMPILER_GENERATE_SWIFT_ASSET_SYMBOL_EXTENSIONS = YES;
				CLANG_ENABLE_MODULES = YES;
				CLANG_ENABLE_OBJC_ARC = YES;
				COPY_PHASE_STRIP = NO;
				DEBUG_INFORMATION_FORMAT = dwarf;
				DEVELOPMENT_TEAM = P5GS55MLHL;
				ENABLE_STRICT_OBJC_MSGSEND = YES;
				ENABLE_TESTABILITY = YES;
				ENABLE_USER_SCRIPT_SANDBOXING = NO;
				GCC_OPTIMIZATION_LEVEL = 0;
				GCC_PREPROCESSOR_DEFINITIONS = (
					"DEBUG=1",
					"$(inherited)",
				);
				IPHONEOS_DEPLOYMENT_TARGET = 26.0;
				MTL_ENABLE_DEBUG_INFO = INCLUDE_SOURCE;
				ONLY_ACTIVE_ARCH = YES;
				SDKROOT = iphoneos;
				SWIFT_ACTIVE_COMPILATION_CONDITIONS = "DEBUG $(inherited)";
				SWIFT_OPTIMIZATION_LEVEL = "-Onone";
			};
			name = Debug;
		};
		F1A000000000000000000602 /* Release */ = {
			isa = XCBuildConfiguration;
			buildSettings = {
				ALWAYS_SEARCH_USER_PATHS = NO;
				ASSETCATALOG_COMPILER_GENERATE_SWIFT_ASSET_SYMBOL_EXTENSIONS = YES;
				CLANG_ENABLE_MODULES = YES;
				CLANG_ENABLE_OBJC_ARC = YES;
				COPY_PHASE_STRIP = NO;
				DEBUG_INFORMATION_FORMAT = "dwarf-with-dsym";
				DEVELOPMENT_TEAM = P5GS55MLHL;
				ENABLE_NS_ASSERTIONS = NO;
				ENABLE_STRICT_OBJC_MSGSEND = YES;
				ENABLE_USER_SCRIPT_SANDBOXING = NO;
				IPHONEOS_DEPLOYMENT_TARGET = 26.0;
				MTL_ENABLE_DEBUG_INFO = NO;
				SDKROOT = iphoneos;
				SWIFT_COMPILATION_MODE = wholemodule;
				VALIDATE_PRODUCT = YES;
			};
			name = Release;
		};
		F1A000000000000000000401 /* Debug */ = {
			isa = XCBuildConfiguration;
			buildSettings = {
				ASSETCATALOG_COMPILER_APPICON_NAME = AppIcon;
				ASSETCATALOG_COMPILER_GLOBAL_ACCENT_COLOR_NAME = AccentColor;
				CODE_SIGN_STYLE = Automatic;
				CURRENT_PROJECT_VERSION = 1;
				ENABLE_PREVIEWS = YES;
				GENERATE_INFOPLIST_FILE = YES;
				INFOPLIST_FILE = Config/Info.plist;
				INFOPLIST_KEY_CFBundleDisplayName = Fileporter;
				INFOPLIST_KEY_LSApplicationCategoryType = "public.app-category.utilities";
				INFOPLIST_KEY_UIApplicationSceneManifest_Generation = YES;
				INFOPLIST_KEY_UIApplicationSupportsIndirectInputEvents = YES;
				INFOPLIST_KEY_UILaunchScreen_Generation = YES;
				INFOPLIST_KEY_UIStatusBarStyle = UIStatusBarStyleLightContent;
				INFOPLIST_KEY_UISupportedInterfaceOrientations_iPad = "UIInterfaceOrientationPortrait UIInterfaceOrientationPortraitUpsideDown UIInterfaceOrientationLandscapeLeft UIInterfaceOrientationLandscapeRight";
				INFOPLIST_KEY_UISupportedInterfaceOrientations_iPhone = UIInterfaceOrientationPortrait;
				LD_RUNPATH_SEARCH_PATHS = (
					"$(inherited)",
					"@executable_path/Frameworks",
				);
				FILEPORTER_RUST_TRIPLE = "aarch64-apple-ios";
				"FILEPORTER_RUST_TRIPLE[sdk=iphonesimulator*]" = "aarch64-apple-ios-sim";
				MARKETING_VERSION = 0.1.2;
				OTHER_LDFLAGS = (
					"$(inherited)",
					"$(PROJECT_DIR)/../src-tauri/target/$(FILEPORTER_RUST_TRIPLE)/release/libfileporter_lib.a",
					"-framework",
					Security,
					"-framework",
					SystemConfiguration,
				);
				PRODUCT_BUNDLE_IDENTIFIER = com.dwmmholdings.fileporter;
				PRODUCT_NAME = "$(TARGET_NAME)";
				SUPPORTED_PLATFORMS = "iphoneos iphonesimulator";
				SUPPORTS_MACCATALYST = NO;
				SUPPORTS_MAC_DESIGNED_FOR_IPHONE_IPAD = NO;
				SWIFT_APPROACHABLE_CONCURRENCY = YES;
				SWIFT_DEFAULT_ACTOR_ISOLATION = MainActor;
				SWIFT_EMIT_LOC_STRINGS = YES;
				SWIFT_INCLUDE_PATHS = "$(PROJECT_DIR)/FileporterCore/include";
				SWIFT_UPCOMING_FEATURE_MEMBER_IMPORT_VISIBILITY = YES;
				SWIFT_VERSION = 6.0;
				TARGETED_DEVICE_FAMILY = "1,2";
			};
			name = Debug;
		};
		F1A000000000000000000402 /* Release */ = {
			isa = XCBuildConfiguration;
			buildSettings = {
				ASSETCATALOG_COMPILER_APPICON_NAME = AppIcon;
				ASSETCATALOG_COMPILER_GLOBAL_ACCENT_COLOR_NAME = AccentColor;
				CODE_SIGN_STYLE = Automatic;
				CURRENT_PROJECT_VERSION = 1;
				ENABLE_PREVIEWS = YES;
				GENERATE_INFOPLIST_FILE = YES;
				INFOPLIST_FILE = Config/Info.plist;
				INFOPLIST_KEY_CFBundleDisplayName = Fileporter;
				INFOPLIST_KEY_LSApplicationCategoryType = "public.app-category.utilities";
				INFOPLIST_KEY_UIApplicationSceneManifest_Generation = YES;
				INFOPLIST_KEY_UIApplicationSupportsIndirectInputEvents = YES;
				INFOPLIST_KEY_UILaunchScreen_Generation = YES;
				INFOPLIST_KEY_UIStatusBarStyle = UIStatusBarStyleLightContent;
				INFOPLIST_KEY_UISupportedInterfaceOrientations_iPad = "UIInterfaceOrientationPortrait UIInterfaceOrientationPortraitUpsideDown UIInterfaceOrientationLandscapeLeft UIInterfaceOrientationLandscapeRight";
				INFOPLIST_KEY_UISupportedInterfaceOrientations_iPhone = UIInterfaceOrientationPortrait;
				LD_RUNPATH_SEARCH_PATHS = (
					"$(inherited)",
					"@executable_path/Frameworks",
				);
				FILEPORTER_RUST_TRIPLE = "aarch64-apple-ios";
				"FILEPORTER_RUST_TRIPLE[sdk=iphonesimulator*]" = "aarch64-apple-ios-sim";
				MARKETING_VERSION = 0.1.2;
				OTHER_LDFLAGS = (
					"$(inherited)",
					"$(PROJECT_DIR)/../src-tauri/target/$(FILEPORTER_RUST_TRIPLE)/release/libfileporter_lib.a",
					"-framework",
					Security,
					"-framework",
					SystemConfiguration,
				);
				PRODUCT_BUNDLE_IDENTIFIER = com.dwmmholdings.fileporter;
				PRODUCT_NAME = "$(TARGET_NAME)";
				SUPPORTED_PLATFORMS = "iphoneos iphonesimulator";
				SUPPORTS_MACCATALYST = NO;
				SUPPORTS_MAC_DESIGNED_FOR_IPHONE_IPAD = NO;
				SWIFT_APPROACHABLE_CONCURRENCY = YES;
				SWIFT_DEFAULT_ACTOR_ISOLATION = MainActor;
				SWIFT_EMIT_LOC_STRINGS = YES;
				SWIFT_INCLUDE_PATHS = "$(PROJECT_DIR)/FileporterCore/include";
				SWIFT_UPCOMING_FEATURE_MEMBER_IMPORT_VISIBILITY = YES;
				SWIFT_VERSION = 6.0;
				TARGETED_DEVICE_FAMILY = "1,2";
			};
			name = Release;
		};
		F1A000000000000000000501 /* Debug */ = {
			isa = XCBuildConfiguration;
			buildSettings = {
				BUNDLE_LOADER = "$(TEST_HOST)";
				CODE_SIGN_STYLE = Automatic;
				CURRENT_PROJECT_VERSION = 1;
				GENERATE_INFOPLIST_FILE = YES;
				MARKETING_VERSION = 0.1.2;
				PRODUCT_BUNDLE_IDENTIFIER = com.dwmmholdings.fileporter.tests;
				PRODUCT_NAME = "$(TARGET_NAME)";
				SUPPORTED_PLATFORMS = "iphoneos iphonesimulator";
				SWIFT_APPROACHABLE_CONCURRENCY = YES;
				SWIFT_INCLUDE_PATHS = "$(PROJECT_DIR)/FileporterCore/include";
				SWIFT_VERSION = 6.0;
				TARGETED_DEVICE_FAMILY = "1,2";
				TEST_HOST = "$(BUILT_PRODUCTS_DIR)/Fileporter.app/$(BUNDLE_EXECUTABLE_FOLDER_PATH)/Fileporter";
			};
			name = Debug;
		};
		F1A000000000000000000502 /* Release */ = {
			isa = XCBuildConfiguration;
			buildSettings = {
				BUNDLE_LOADER = "$(TEST_HOST)";
				CODE_SIGN_STYLE = Automatic;
				CURRENT_PROJECT_VERSION = 1;
				GENERATE_INFOPLIST_FILE = YES;
				MARKETING_VERSION = 0.1.2;
				PRODUCT_BUNDLE_IDENTIFIER = com.dwmmholdings.fileporter.tests;
				PRODUCT_NAME = "$(TARGET_NAME)";
				SUPPORTED_PLATFORMS = "iphoneos iphonesimulator";
				SWIFT_APPROACHABLE_CONCURRENCY = YES;
				SWIFT_INCLUDE_PATHS = "$(PROJECT_DIR)/FileporterCore/include";
				SWIFT_VERSION = 6.0;
				TARGETED_DEVICE_FAMILY = "1,2";
				TEST_HOST = "$(BUILT_PRODUCTS_DIR)/Fileporter.app/$(BUNDLE_EXECUTABLE_FOLDER_PATH)/Fileporter";
			};
			name = Release;
		};
/* End XCBuildConfiguration section */

/* Begin XCConfigurationList section */
		F1A000000000000000000800 /* Build configuration list for PBXNativeTarget "FileporterUITests" */ = {
			isa = XCConfigurationList;
			buildConfigurations = (
				F1A000000000000000000801 /* Debug */,
				F1A000000000000000000802 /* Release */,
			);
			defaultConfigurationIsVisible = 0;
			defaultConfigurationName = Release;
		};
		F1A000000000000000000400 /* Build configuration list for PBXNativeTarget "Fileporter" */ = {
			isa = XCConfigurationList;
			buildConfigurations = (
				F1A000000000000000000401 /* Debug */,
				F1A000000000000000000402 /* Release */,
			);
			defaultConfigurationIsVisible = 0;
			defaultConfigurationName = Release;
		};
		F1A000000000000000000500 /* Build configuration list for PBXNativeTarget "FileporterTests" */ = {
			isa = XCConfigurationList;
			buildConfigurations = (
				F1A000000000000000000501 /* Debug */,
				F1A000000000000000000502 /* Release */,
			);
			defaultConfigurationIsVisible = 0;
			defaultConfigurationName = Release;
		};
		F1A000000000000000000600 /* Build configuration list for PBXProject "Fileporter" */ = {
			isa = XCConfigurationList;
			buildConfigurations = (
				F1A000000000000000000601 /* Debug */,
				F1A000000000000000000602 /* Release */,
			);
			defaultConfigurationIsVisible = 0;
			defaultConfigurationName = Release;
		};
/* End XCConfigurationList section */
	};
	rootObject = F1A000000000000000000001 /* Project object */;
}
